
Microsoft Visual Studio Solution File, Format Version 12.00
# Visual Studio 14
VisualStudioVersion = 14.0.25420.1
MinimumVisualStudioVersion = 10.0.40219.1
Project("{FAE04EC0-301F-11D3-BF4B-00C04F79EFBC}") = "PositionMatrixContainer.Models", "PositionMatrixContainerDataModel.Models\PositionMatrixContainer.Models.csproj", "{AE795D75-6A0B-4C1B-B750-239A6118D8C5}"
EndProject
Project("{FAE04EC0-301F-11D3-BF4B-00C04F79EFBC}") = "PositionMatrixContainerDataModel.ClientApplication", "PositionMatrixContainerDataModel.ClientApplication\PositionMatrixContainerDataModel.ClientApplication.csproj", "{6F6181B9-EEE8-4DC5-8ECB-FBCC6C196A25}"
EndProject
Project("{FAE04EC0-301F-11D3-BF4B-00C04F79EFBC}") = "PositionMatrixContainerDataModel.Tests", "PositionMatrixContainerDataModel.Tests\PositionMatrixContainerDataModel.Tests.csproj", "{1D85642F-817D-4581-B2DF-372F4E09D5FA}"
EndProject
Project("{FAE04EC0-301F-11D3-BF4B-00C04F79EFBC}") = "PositionMatrixContainer.UI", "PositionMatrixContainer.UI\PositionMatrixContainer.UI.csproj", "{9B605D76-937C-4785-B7C8-B90CADB28B54}"
EndProject
Global
	GlobalSection(SolutionConfigurationPlatforms) = preSolution
		Debug|Any CPU = Debug|Any CPU
		Release|Any CPU = Release|Any CPU
	EndGlobalSection
	GlobalSection(ProjectConfigurationPlatforms) = postSolution
		{AE795D75-6A0B-4C1B-B750-239A6118D8C5}.Debug|Any CPU.ActiveCfg = Debug|Any CPU
		{AE795D75-6A0B-4C1B-B750-239A6118D8C5}.Debug|Any CPU.Build.0 = Debug|Any CPU
		{AE795D75-6A0B-4C1B-B750-239A6118D8C5}.Release|Any CPU.ActiveCfg = Release|Any CPU
		{AE795D75-6A0B-4C1B-B750-239A6118D8C5}.Release|Any CPU.Build.0 = Release|Any CPU
		{6F6181B9-EEE8-4DC5-8ECB-FBCC6C196A25}.Debug|Any CPU.ActiveCfg = Debug|Any CPU
		{6F6181B9-EEE8-4DC5-8ECB-FBCC6C196A25}.Debug|Any CPU.Build.0 = Debug|Any CPU
		{6F6181B9-EEE8-4DC5-8ECB-FBCC6C196A25}.Release|Any CPU.ActiveCfg = Release|Any CPU
		{6F6181B9-EEE8-4DC5-8ECB-FBCC6C196A25}.Release|Any CPU.Build.0 = Release|Any CPU
		{1D85642F-817D-4581-B2DF-372F4E09D5FA}.Debug|Any CPU.ActiveCfg = Debug|Any CPU
		{1D85642F-817D-4581-B2DF-372F4E09D5FA}.Debug|Any CPU.Build.0 = Debug|Any CPU
		{1D85642F-817D-4581-B2DF-372F4E09D5FA}.Release|Any CPU.ActiveCfg = Release|Any CPU
		{1D85642F-817D-4581-B2DF-372F4E09D5FA}.Release|Any CPU.Build.0 = Release|Any CPU
		{9B605D76-937C-4785-B7C8-B90CADB28B54}.Debug|Any CPU.ActiveCfg = Debug|Any CPU
		{9B605D76-937C-4785-B7C8-B90CADB28B54}.Debug|Any CPU.Build.0 = Debug|Any CPU
		{9B605D76-937C-4785-B7C8-B90CADB28B54}.Release|Any CPU.ActiveCfg = Release|Any CPU
		{9B605D76-937C-4785-B7C8-B90CADB28B54}.Release|Any CPU.Build.0 = Release|Any CPU
	EndGlobalSection
	GlobalSection(SolutionProperties) = preSolution
		HideSolutionNode = FALSE
	EndGlobalSection
EndGlobal
